{
    "_readme": [
        "This file locks the dependencies of your project to a known state",
        "Read more about it at https://getcomposer.org/doc/01-basic-usage.md#installing-dependencies",
        "This file is @generated automatically"
    ],
    "content-hash": "ff2d15be925595100cccb7157e46e9c4",
    "packages": [
        {
            "name": "abraham/twitteroauth",
            "version": "2.0.1",
            "source": {
                "type": "git",
                "url": "https://github.com/abraham/twitteroauth.git",
                "reference": "af6d0ba772731d4f83524fccb24281fe6149ef43"
            },
            "dist": {
                "type": "zip",
                "url": "https://api.github.com/repos/abraham/twitteroauth/zipball/af6d0ba772731d4f83524fccb24281fe6149ef43",
                "reference": "af6d0ba772731d4f83524fccb24281fe6149ef43",
                "shasum": ""
            },
            "require": {
                "composer/ca-bundle": "^1.2",
                "ext-curl": "*",
                "php": "^7.3 || ^7.4 || ^8.0"
            },
            "require-dev": {
                "php-vcr/php-vcr": "^1",
                "php-vcr/phpunit-testlistener-vcr": "dev-php-8",
                "phpmd/phpmd": "^2",
                "phpunit/phpunit": "^8",
                "squizlabs/php_codesniffer": "^3"
            },
            "type": "library",
            "autoload": {
                "psr-4": {
                    "Abraham\\TwitterOAuth\\": "src"
                }
            },
            "notification-url": "https://packagist.org/downloads/",
            "license": [
                "MIT"
            ],
            "authors": [
                {
                    "name": "Abraham Williams",
                    "email": "abraham@abrah.am",
                    "homepage": "https://abrah.am",
                    "role": "Developer"
                }
            ],
            "description": "The most popular PHP library for use with the Twitter OAuth REST API.",
            "homepage": "https://twitteroauth.com",
            "keywords": [
                "Twitter API",
                "Twitter oAuth",
                "api",
                "oauth",
                "rest",
                "social",
                "twitter"
            ],
            "support": {
                "issues": "https://github.com/abraham/twitteroauth/issues",
                "source": "https://github.com/abraham/twitteroauth"
            },
            "time": "2020-12-02T01:37:06+00:00"
        },
        {
            "name": "composer/ca-bundle",
            "version": "1.2.9",
            "source": {
                "type": "git",
                "url": "https://github.com/composer/ca-bundle.git",
                "reference": "78a0e288fdcebf92aa2318a8d3656168da6ac1a5"
            },
            "dist": {
                "type": "zip",
                "url": "https://api.github.com/repos/composer/ca-bundle/zipball/78a0e288fdcebf92aa2318a8d3656168da6ac1a5",
                "reference": "78a0e288fdcebf92aa2318a8d3656168da6ac1a5",
                "shasum": ""
            },
            "require": {
                "ext-openssl": "*",
                "ext-pcre": "*",
                "php": "^5.3.2 || ^7.0 || ^8.0"
            },
            "require-dev": {
                "phpstan/phpstan": "^0.12.55",
                "psr/log": "^1.0",
                "symfony/phpunit-bridge": "^4.2 || ^5",
                "symfony/process": "^2.5 || ^3.0 || ^4.0 || ^5.0"
            },
            "type": "library",
            "extra": {
                "branch-alias": {
                    "dev-main": "1.x-dev"
                }
            },
            "autoload": {
                "psr-4": {
                    "Composer\\CaBundle\\": "src"
                }
            },
            "notification-url": "https://packagist.org/downloads/",
            "license": [
                "MIT"
            ],
            "authors": [
                {
                    "name": "Jordi Boggiano",
                    "email": "j.boggiano@seld.be",
                    "homepage": "http://seld.be"
                }
            ],
            "description": "Lets you find a path to the system CA bundle, and includes a fallback to the Mozilla CA bundle.",
            "keywords": [
                "cabundle",
                "cacert",
                "certificate",
                "ssl",
                "tls"
            ],
            "support": {
                "irc": "irc://irc.freenode.org/composer",
                "issues": "https://github.com/composer/ca-bundle/issues",
                "source": "https://github.com/composer/ca-bundle/tree/1.2.9"
            },
            "funding": [
                {
                    "url": "https://packagist.com",
                    "type": "custom"
                },
                {
                    "url": "https://github.com/composer",
                    "type": "github"
                },
                {
                    "url": "https://tidelift.com/funding/github/packagist/composer/composer",
                    "type": "tidelift"
                }
            ],
            "time": "2021-01-12T12:10:35+00:00"
        },
        {
            "name": "erikaheidi/gdaisy",
            "version": "0.1.5",
            "source": {
                "type": "git",
                "url": "https://github.com/erikaheidi/gdaisy.git",
                "reference": "7296916e1d9c3c331767eb7fe44f686e1287f408"
            },
            "dist": {
                "type": "zip",
                "url": "https://api.github.com/repos/erikaheidi/gdaisy/zipball/7296916e1d9c3c331767eb7fe44f686e1287f408",
                "reference": "7296916e1d9c3c331767eb7fe44f686e1287f408",
                "shasum": ""
            },
            "require": {
                "ext-gd": "*",
                "ext-json": "*",
                "minicli/minicli": "^2.2",
                "php": "^7.4|^8.0"
            },
            "require-dev": {
                "pestphp/pest": "^1.0"
            },
            "bin": [
                "bin/gdaisy"
            ],
            "type": "library",
            "autoload": {
                "psr-4": {
                    "GDaisy\\": "src/",
                    "GDaisy\\Command\\": "bin/command"
                }
            },
            "notification-url": "https://packagist.org/downloads/",
            "license": [
                "MIT"
            ],
            "description": "php-gd templating system",
            "support": {
                "issues": "https://github.com/erikaheidi/gdaisy/issues",
                "source": "https://github.com/erikaheidi/gdaisy/tree/0.1.5"
            },
            "time": "2021-06-21T10:07:35+00:00"
        },
        {
            "name": "minicli/curly",
            "version": "0.1.2",
            "source": {
                "type": "git",
                "url": "https://github.com/minicli/curly.git",
                "reference": "50c0e8813adf66f298b862a5150c0acc00f3f18e"
            },
            "dist": {
                "type": "zip",
                "url": "https://api.github.com/repos/minicli/curly/zipball/50c0e8813adf66f298b862a5150c0acc00f3f18e",
                "reference": "50c0e8813adf66f298b862a5150c0acc00f3f18e",
                "shasum": ""
            },
            "require": {
                "ext-curl": "*"
            },
            "type": "library",
            "autoload": {
                "psr-4": {
                    "Minicli\\Curly\\": "src/"
                }
            },
            "notification-url": "https://packagist.org/downloads/",
            "license": [
                "MIT"
            ],
            "description": "Simple Curl Client",
            "homepage": "https://github.com/erikaheidi/minicli",
            "keywords": [
                "api",
                "curl",
                "wrapper"
            ],
            "support": {
                "issues": "https://github.com/minicli/curly/issues",
                "source": "https://github.com/minicli/curly/tree/master"
            },
            "time": "2020-02-24T10:33:43+00:00"
        },
        {
            "name": "minicli/minicli",
            "version": "2.2.1",
            "source": {
                "type": "git",
                "url": "https://github.com/minicli/minicli.git",
                "reference": "b359a740b7dc258acaf52d4373cac5f545705b33"
            },
            "dist": {
                "type": "zip",
                "url": "https://api.github.com/repos/minicli/minicli/zipball/b359a740b7dc258acaf52d4373cac5f545705b33",
                "reference": "b359a740b7dc258acaf52d4373cac5f545705b33",
                "shasum": ""
            },
            "require": {
                "ext-readline": "*",
                "php": ">=7.3"
            },
            "require-dev": {
                "friendsofphp/php-cs-fixer": "^2.16",
                "pestphp/pest": "^1.0",
                "phpunit/phpunit": "^9.0"
            },
            "type": "library",
            "autoload": {
                "psr-4": {
                    "Minicli\\": "src/",
                    "Assets\\": "tests/Assets"
                }
            },
            "notification-url": "https://packagist.org/downloads/",
            "license": [
                "MIT"
            ],
            "description": "Experimental micro CLI framework for PHP",
            "homepage": "https://github.com/minicli/minicli",
            "keywords": [
                "cli",
                "command-line"
            ],
            "support": {
                "issues": "https://github.com/minicli/minicli/issues",
                "source": "https://github.com/minicli/minicli/tree/2.2.1"
            },
            "funding": [
                {
                    "url": "https://github.com/erikaheidi",
                    "type": "github"
                }
            ],
            "time": "2021-05-08T15:36:01+00:00"
        }
    ],
    "packages-dev": [],
    "aliases": [],
    "minimum-stability": "stable",
    "stability-flags": [],
    "prefer-stable": false,
    "prefer-lowest": false,
    "platform": {
        "ext-gd": "*",
        "ext-json": "*"
    },
    "platform-dev": [],
    "plugin-api-version": "2.0.0"
}
